{
  "name": "node",
  "version": "1.0.0",
  "lockfileVersion": 3,
  "requires": true,
  "packages": {
    "": {
      "name": "node",
      "version": "1.0.0",
      "license": "ISC",
      "dependencies": {
        "functions": "file:functions"
      }
    },
    "functions": {
      "version": "1.0.0",
      "license": "ISC"
    },
    "node_modules/functions": {
      "resolved": "functions",
      "link": true
    }
  }
}
